// !$*UTF8*$!
{
	archiveVersion = 1;
	classes = {
	};
	objectVersion = 56;
	objects = {

/* Begin PBXBuildFile section */
		4D07DD6E2C92C64C002CDE20 /* DattebayoApp.swift in Sources */ = {isa = PBXBuildFile; fileRef = 4D07DD6D2C92C64C002CDE20 /* DattebayoApp.swift */; };
		4D07DD702C92C64C002CDE20 /* ContentView.swift in Sources */ = {isa = PBXBuildFile; fileRef = 4D07DD6F2C92C64C002CDE20 /* ContentView.swift */; };
		4D07DD722C92C64D002CDE20 /* Assets.xcassets in Resources */ = {isa = PBXBuildFile; fileRef = 4D07DD712C92C64D002CDE20 /* Assets.xcassets */; };
		4D07DD752C92C64D002CDE20 /* Preview Assets.xcassets in Resources */ = {isa = PBXBuildFile; fileRef = 4D07DD742C92C64D002CDE20 /* Preview Assets.xcassets */; };
		4D07DD7F2C92C64E002CDE20 /* DattebayoTests.swift in Sources */ = {isa = PBXBuildFile; fileRef = 4D07DD7E2C92C64E002CDE20 /* DattebayoTests.swift */; };
		4D07DD892C92C64E002CDE20 /* DattebayoUITests.swift in Sources */ = {isa = PBXBuildFile; fileRef = 4D07DD882C92C64E002CDE20 /* DattebayoUITests.swift */; };
		4D07DD8B2C92C64E002CDE20 /* DattebayoUITestsLaunchTests.swift in Sources */ = {isa = PBXBuildFile; fileRef = 4D07DD8A2C92C64E002CDE20 /* DattebayoUITestsLaunchTests.swift */; };
		4D6308982C93574C002636A7 /* CharactersListView.swift in Sources */ = {isa = PBXBuildFile; fileRef = 4D6308972C93574C002636A7 /* CharactersListView.swift */; };
		4D63089A2C93575E002636A7 /* CharactersModel.swift in Sources */ = {isa = PBXBuildFile; fileRef = 4D6308992C93575E002636A7 /* CharactersModel.swift */; };
		4D63089C2C935821002636A7 /* CharactersViewModel.swift in Sources */ = {isa = PBXBuildFile; fileRef = 4D63089B2C935821002636A7 /* CharactersViewModel.swift */; };
/* End PBXBuildFile section */

/* Begin PBXContainerItemProxy section */
		4D07DD7B2C92C64E002CDE20 /* PBXContainerItemProxy */ = {
			isa = PBXContainerItemProxy;
			containerPortal = 4D07DD622C92C64C002CDE20 /* Project object */;
			proxyType = 1;
			remoteGlobalIDString = 4D07DD692C92C64C002CDE20;
			remoteInfo = Dattebayo;
		};
		4D07DD852C92C64E002CDE20 /* PBXContainerItemProxy */ = {
			isa = PBXContainerItemProxy;
			containerPortal = 4D07DD622C92C64C002CDE20 /* Project object */;
			proxyType = 1;
			remoteGlobalIDString = 4D07DD692C92C64C002CDE20;
			remoteInfo = Dattebayo;
		};
/* End PBXContainerItemProxy section */

/* Begin PBXFileReference section */
		4D07DD6A2C92C64C002CDE20 /* Dattebayo.app */ = {isa = PBXFileReference; explicitFileType = wrapper.application; includeInIndex = 0; path = Dattebayo.app; sourceTree = BUILT_PRODUCTS_DIR; };
		4D07DD6D2C92C64C002CDE20 /* DattebayoApp.swift */ = {isa = PBXFileReference; lastKnownFileType = sourcecode.swift; path = DattebayoApp.swift; sourceTree = "<group>"; };
		4D07DD6F2C92C64C002CDE20 /* ContentView.swift */ = {isa = PBXFileReference; lastKnownFileType = sourcecode.swift; path = ContentView.swift; sourceTree = "<group>"; };
		4D07DD712C92C64D002CDE20 /* Assets.xcassets */ = {isa = PBXFileReference; lastKnownFileType = folder.assetcatalog; path = Assets.xcassets; sourceTree = "<group>"; };
		4D07DD742C92C64D002CDE20 /* Preview Assets.xcassets */ = {isa = PBXFileReference; lastKnownFileType = folder.assetcatalog; path = "Preview Assets.xcassets"; sourceTree = "<group>"; };
		4D07DD7A2C92C64E002CDE20 /* DattebayoTests.xctest */ = {isa = PBXFileReference; explicitFileType = wrapper.cfbundle; includeInIndex = 0; path = DattebayoTests.xctest; sourceTree = BUILT_PRODUCTS_DIR; };
		4D07DD7E2C92C64E002CDE20 /* DattebayoTests.swift */ = {isa = PBXFileReference; lastKnownFileType = sourcecode.swift; path = DattebayoTests.swift; sourceTree = "<group>"; };
		4D07DD842C92C64E002CDE20 /* DattebayoUITests.xctest */ = {isa = PBXFileReference; explicitFileType = wrapper.cfbundle; includeInIndex = 0; path = DattebayoUITests.xctest; sourceTree = BUILT_PRODUCTS_DIR; };
		4D07DD882C92C64E002CDE20 /* DattebayoUITests.swift */ = {isa = PBXFileReference; lastKnownFileType = sourcecode.swift; path = DattebayoUITests.swift; sourceTree = "<group>"; };
		4D07DD8A2C92C64E002CDE20 /* DattebayoUITestsLaunchTests.swift */ = {isa = PBXFileReference; lastKnownFileType = sourcecode.swift; path = DattebayoUITestsLaunchTests.swift; sourceTree = "<group>"; };
		4D6308972C93574C002636A7 /* CharactersListView.swift */ = {isa = PBXFileReference; lastKnownFileType = sourcecode.swift; path = CharactersListView.swift; sourceTree = "<group>"; };
		4D6308992C93575E002636A7 /* CharactersModel.swift */ = {isa = PBXFileReference; lastKnownFileType = sourcecode.swift; path = CharactersModel.swift; sourceTree = "<group>"; };
		4D63089B2C935821002636A7 /* CharactersViewModel.swift */ = {isa = PBXFileReference; lastKnownFileType = sourcecode.swift; path = CharactersViewModel.swift; sourceTree = "<group>"; };
/* End PBXFileReference section */

/* Begin PBXFrameworksBuildPhase section */
		4D07DD672C92C64C002CDE20 /* Frameworks */ = {
			isa = PBXFrameworksBuildPhase;
			buildActionMask = 2147483647;
			files = (
			);
			runOnlyForDeploymentPostprocessing = 0;
		};
		4D07DD772C92C64E002CDE20 /* Frameworks */ = {
			isa = PBXFrameworksBuildPhase;
			buildActionMask = 2147483647;
			files = (
			);
			runOnlyForDeploymentPostprocessing = 0;
		};
		4D07DD812C92C64E002CDE20 /* Frameworks */ = {
			isa = PBXFrameworksBuildPhase;
			buildActionMask = 2147483647;
			files = (
			);
			runOnlyForDeploymentPostprocessing = 0;
		};
/* End PBXFrameworksBuildPhase section */

/* Begin PBXGroup section */
		4D07DD612C92C64C002CDE20 = {
			isa = PBXGroup;
			children = (
				4D07DD6C2C92C64C002CDE20 /* Dattebayo */,
				4D07DD7D2C92C64E002CDE20 /* DattebayoTests */,
				4D07DD872C92C64E002CDE20 /* DattebayoUITests */,
				4D07DD6B2C92C64C002CDE20 /* Products */,
			);
			sourceTree = "<group>";
		};
		4D07DD6B2C92C64C002CDE20 /* Products */ = {
			isa = PBXGroup;
			children = (
				4D07DD6A2C92C64C002CDE20 /* Dattebayo.app */,
				4D07DD7A2C92C64E002CDE20 /* DattebayoTests.xctest */,
				4D07DD842C92C64E002CDE20 /* DattebayoUITests.xctest */,
			);
			name = Products;
			sourceTree = "<group>";
		};
		4D07DD6C2C92C64C002CDE20 /* Dattebayo */ = {
			isa = PBXGroup;
			children = (
				4D6308962C935738002636A7 /* Model */,
				4D6308952C935734002636A7 /* View */,
				4D6308942C935728002636A7 /* ViewModel */,
				4D07DD6D2C92C64C002CDE20 /* DattebayoApp.swift */,
				4D07DD6F2C92C64C002CDE20 /* ContentView.swift */,
				4D07DD712C92C64D002CDE20 /* Assets.xcassets */,
				4D07DD732C92C64D002CDE20 /* Preview Content */,
			);
			path = Dattebayo;
			sourceTree = "<group>";
		};
		4D07DD732C92C64D002CDE20 /* Preview Content */ = {
			isa = PBXGroup;
			children = (
				4D07DD742C92C64D002CDE20 /* Preview Assets.xcassets */,
			);
			path = "Preview Content";
			sourceTree = "<group>";
		};
		4D07DD7D2C92C64E002CDE20 /* DattebayoTests */ = {
			isa = PBXGroup;
			children = (
				4D07DD7E2C92C64E002CDE20 /* DattebayoTests.swift */,
			);
			path = DattebayoTests;
			sourceTree = "<group>";
		};
		4D07DD872C92C64E002CDE20 /* DattebayoUITests */ = {
			isa = PBXGroup;
			children = (
				4D07DD882C92C64E002CDE20 /* DattebayoUITests.swift */,
				4D07DD8A2C92C64E002CDE20 /* DattebayoUITestsLaunchTests.swift */,
			);
			path = DattebayoUITests;
			sourceTree = "<group>";
		};
		4D6308942C935728002636A7 /* ViewModel */ = {
			isa = PBXGroup;
			children = (
				4D63089B2C935821002636A7 /* CharactersViewModel.swift */,
			);
			path = ViewModel;
			sourceTree = "<group>";
		};
		4D6308952C935734002636A7 /* View */ = {
			isa = PBXGroup;
			children = (
				4D6308972C93574C002636A7 /* CharactersListView.swift */,
			);
			path = View;
			sourceTree = "<group>";
		};
		4D6308962C935738002636A7 /* Model */ = {
			isa = PBXGroup;
			children = (
				4D6308992C93575E002636A7 /* CharactersModel.swift */,
			);
			path = Model;
			sourceTree = "<group>";
		};
/* End PBXGroup section */

/* Begin PBXNativeTarget section */
		4D07DD692C92C64C002CDE20 /* Dattebayo */ = {
			isa = PBXNativeTarget;
			buildConfigurationList = 4D07DD8E2C92C64E002CDE20 /* Build configuration list for PBXNativeTarget "Dattebayo" */;
			buildPhases = (
				4D07DD662C92C64C002CDE20 /* Sources */,
				4D07DD672C92C64C002CDE20 /* Frameworks */,
				4D07DD682C92C64C002CDE20 /* Resources */,
			);
			buildRules = (
			);
			dependencies = (
			);
			name = Dattebayo;
			productName = Dattebayo;
			productReference = 4D07DD6A2C92C64C002CDE20 /* Dattebayo.app */;
			productType = "com.apple.product-type.application";
		};
		4D07DD792C92C64E002CDE20 /* DattebayoTests */ = {
			isa = PBXNativeTarget;
			buildConfigurationList = 4D07DD912C92C64E002CDE20 /* Build configuration list for PBXNativeTarget "DattebayoTests" */;
			buildPhases = (
				4D07DD762C92C64E002CDE20 /* Sources */,
				4D07DD772C92C64E002CDE20 /* Frameworks */,
				4D07DD782C92C64E002CDE20 /* Resources */,
			);
			buildRules = (
			);
			dependencies = (
				4D07DD7C2C92C64E002CDE20 /* PBXTargetDependency */,
			);
			name = DattebayoTests;
			productName = DattebayoTests;
			productReference = 4D07DD7A2C92C64E002CDE20 /* DattebayoTests.xctest */;
			productType = "com.apple.product-type.bundle.unit-test";
		};
		4D07DD832C92C64E002CDE20 /* DattebayoUITests */ = {
			isa = PBXNativeTarget;
			buildConfigurationList = 4D07DD942C92C64E002CDE20 /* Build configuration list for PBXNativeTarget "DattebayoUITests" */;
			buildPhases = (
				4D07DD802C92C64E002CDE20 /* Sources */,
				4D07DD812C92C64E002CDE20 /* Frameworks */,
				4D07DD822C92C64E002CDE20 /* Resources */,
			);
			buildRules = (
			);
			dependencies = (
				4D07DD862C92C64E002CDE20 /* PBXTargetDependency */,
			);
			name = DattebayoUITests;
			productName = DattebayoUITests;
			productReference = 4D07DD842C92C64E002CDE20 /* DattebayoUITests.xctest */;
			productType = "com.apple.product-type.bundle.ui-testing";
		};
/* End PBXNativeTarget section */

/* Begin PBXProject section */
		4D07DD622C92C64C002CDE20 /* Project object */ = {
			isa = PBXProject;
			attributes = {
				BuildIndependentTargetsInParallel = 1;
				LastSwiftUpdateCheck = 1540;
				LastUpgradeCheck = 1540;
				TargetAttributes = {
					4D07DD692C92C64C002CDE20 = {
						CreatedOnToolsVersion = 15.4;
					};
					4D07DD792C92C64E002CDE20 = {
						CreatedOnToolsVersion = 15.4;
						TestTargetID = 4D07DD692C92C64C002CDE20;
					};
					4D07DD832C92C64E002CDE20 = {
						CreatedOnToolsVersion = 15.4;
						TestTargetID = 4D07DD692C92C64C002CDE20;
					};
				};
			};
			buildConfigurationList = 4D07DD652C92C64C002CDE20 /* Build configuration list for PBXProject "Dattebayo" */;
			compatibilityVersion = "Xcode 14.0";
			developmentRegion = en;
			hasScannedForEncodings = 0;
			knownRegions = (
				en,
				Base,
			);
			mainGroup = 4D07DD612C92C64C002CDE20;
			productRefGroup = 4D07DD6B2C92C64C002CDE20 /* Products */;
			projectDirPath = "";
			projectRoot = "";
			targets = (
				4D07DD692C92C64C002CDE20 /* Dattebayo */,
				4D07DD792C92C64E002CDE20 /* DattebayoTests */,
				4D07DD832C92C64E002CDE20 /* DattebayoUITests */,
			);
		};
/* End PBXProject section */

/* Begin PBXResourcesBuildPhase section */
		4D07DD682C92C64C002CDE20 /* Resources */ = {
			isa = PBXResourcesBuildPhase;
			buildActionMask = 2147483647;
			files = (
				4D07DD752C92C64D002CDE20 /* Preview Assets.xcassets in Resources */,
				4D07DD722C92C64D002CDE20 /* Assets.xcassets in Resources */,
			);
			runOnlyForDeploymentPostprocessing = 0;
		};
		4D07DD782C92C64E002CDE20 /* Resources */ = {
			isa = PBXResourcesBuildPhase;
			buildActionMask = 2147483647;
			files = (
			);
			runOnlyForDeploymentPostprocessing = 0;
		};
		4D07DD822C92C64E002CDE20 /* Resources */ = {
			isa = PBXResourcesBuildPhase;
			buildActionMask = 2147483647;
			files = (
			);
			runOnlyForDeploymentPostprocessing = 0;
		};
/* End PBXResourcesBuildPhase section */

/* Begin PBXSourcesBuildPhase section */
		4D07DD662C92C64C002CDE20 /* Sources */ = {
			isa = PBXSourcesBuildPhase;
			buildActionMask = 2147483647;
			files = (
				4D6308982C93574C002636A7 /* CharactersListView.swift in Sources */,
				4D63089A2C93575E002636A7 /* CharactersModel.swift in Sources */,
				4D07DD702C92C64C002CDE20 /* ContentView.swift in Sources */,
				4D07DD6E2C92C64C002CDE20 /* DattebayoApp.swift in Sources */,
				4D63089C2C935821002636A7 /* CharactersViewModel.swift in Sources */,
			);
			runOnlyForDeploymentPostprocessing = 0;
		};
		4D07DD762C92C64E002CDE20 /* Sources */ = {
			isa = PBXSourcesBuildPhase;
			buildActionMask = 2147483647;
			files = (
				4D07DD7F2C92C64E002CDE20 /* DattebayoTests.swift in Sources */,
			);
			runOnlyForDeploymentPostprocessing = 0;
		};
		4D07DD802C92C64E002CDE20 /* Sources */ = {
			isa = PBXSourcesBuildPhase;
			buildActionMask = 2147483647;
			files = (
				4D07DD8B2C92C64E002CDE20 /* DattebayoUITestsLaunchTests.swift in Sources */,
				4D07DD892C92C64E002CDE20 /* DattebayoUITests.swift in Sources */,
			);
			runOnlyForDeploymentPostprocessing = 0;
		};
/* End PBXSourcesBuildPhase section */

/* Begin PBXTargetDependency section */
		4D07DD7C2C92C64E002CDE20 /* PBXTargetDependency */ = {
			isa = PBXTargetDependency;
			target = 4D07DD692C92C64C002CDE20 /* Dattebayo */;
			targetProxy = 4D07DD7B2C92C64E002CDE20 /* PBXContainerItemProxy */;
		};
		4D07DD862C92C64E002CDE20 /* PBXTargetDependency */ = {
			isa = PBXTargetDependency;
			target = 4D07DD692C92C64C002CDE20 /* Dattebayo */;
			targetProxy = 4D07DD852C92C64E002CDE20 /* PBXContainerItemProxy */;
		};
/* End PBXTargetDependency section */

/* Begin XCBuildConfiguration section */
		4D07DD8C2C92C64E002CDE20 /* Debug */ = {
			isa = XCBuildConfiguration;
			buildSettings = {
				ALWAYS_SEARCH_USER_PATHS = NO;
				ASSETCATALOG_COMPILER_GENERATE_SWIFT_ASSET_SYMBOL_EXTENSIONS = YES;
				CLANG_ANALYZER_NONNULL = YES;
				CLANG_ANALYZER_NUMBER_OBJECT_CONVERSION = YES_AGGRESSIVE;
				CLANG_CXX_LANGUAGE_STANDARD = "gnu++20";
				CLANG_ENABLE_MODULES = YES;
				CLANG_ENABLE_OBJC_ARC = YES;
				CLANG_ENABLE_OBJC_WEAK = YES;
				CLANG_WARN_BLOCK_CAPTURE_AUTORELEASING = YES;
				CLANG_WARN_BOOL_CONVERSION = YES;
				CLANG_WARN_COMMA = YES;
				CLANG_WARN_CONSTANT_CONVERSION = YES;
				CLANG_WARN_DEPRECATED_OBJC_IMPLEMENTATIONS = YES;
				CLANG_WARN_DIRECT_OBJC_ISA_USAGE = YES_ERROR;
				CLANG_WARN_DOCUMENTATION_COMMENTS = YES;
				CLANG_WARN_EMPTY_BODY = YES;
				CLANG_WARN_ENUM_CONVERSION = YES;
				CLANG_WARN_INFINITE_RECURSION = YES;
				CLANG_WARN_INT_CONVERSION = YES;
				CLANG_WARN_NON_LITERAL_NULL_CONVERSION = YES;
				CLANG_WARN_OBJC_IMPLICIT_RETAIN_SELF = YES;
				CLANG_WARN_OBJC_LITERAL_CONVERSION = YES;
				CLANG_WARN_OBJC_ROOT_CLASS = YES_ERROR;
				CLANG_WARN_QUOTED_INCLUDE_IN_FRAMEWORK_HEADER = YES;
				CLANG_WARN_RANGE_LOOP_ANALYSIS = YES;
				CLANG_WARN_STRICT_PROTOTYPES = YES;
				CLANG_WARN_SUSPICIOUS_MOVE = YES;
				CLANG_WARN_UNGUARDED_AVAILABILITY = YES_AGGRESSIVE;
				CLANG_WARN_UNREACHABLE_CODE = YES;
				CLANG_WARN__DUPLICATE_METHOD_MATCH = YES;
				COPY_PHASE_STRIP = NO;
				DEBUG_INFORMATION_FORMAT = dwarf;
				ENABLE_STRICT_OBJC_MSGSEND = YES;
				ENABLE_TESTABILITY = YES;
				ENABLE_USER_SCRIPT_SANDBOXING = YES;
				GCC_C_LANGUAGE_STANDARD = gnu17;
				GCC_DYNAMIC_NO_PIC = NO;
				GCC_NO_COMMON_BLOCKS = YES;
				GCC_OPTIMIZATION_LEVEL = 0;
				GCC_PREPROCESSOR_DEFINITIONS = (
					"DEBUG=1",
					"$(inherited)",
				);
				GCC_WARN_64_TO_32_BIT_CONVERSION = YES;
				GCC_WARN_ABOUT_RETURN_TYPE = YES_ERROR;
				GCC_WARN_UNDECLARED_SELECTOR = YES;
				GCC_WARN_UNINITIALIZED_AUTOS = YES_AGGRESSIVE;
				GCC_WARN_UNUSED_FUNCTION = YES;
				GCC_WARN_UNUSED_VARIABLE = YES;
				IPHONEOS_DEPLOYMENT_TARGET = 17.5;
				LOCALIZATION_PREFERS_STRING_CATALOGS = YES;
				MTL_ENABLE_DEBUG_INFO = INCLUDE_SOURCE;
				MTL_FAST_MATH = YES;
				ONLY_ACTIVE_ARCH = YES;
				SDKROOT = iphoneos;
				SWIFT_ACTIVE_COMPILATION_CONDITIONS = "DEBUG $(inherited)";
				SWIFT_OPTIMIZATION_LEVEL = "-Onone";
			};
			name = Debug;
		};
		4D07DD8D2C92C64E002CDE20 /* Release */ = {
			isa = XCBuildConfiguration;
			buildSettings = {
				ALWAYS_SEARCH_USER_PATHS = NO;
				ASSETCATALOG_COMPILER_GENERATE_SWIFT_ASSET_SYMBOL_EXTENSIONS = YES;
				CLANG_ANALYZER_NONNULL = YES;
				CLANG_ANALYZER_NUMBER_OBJECT_CONVERSION = YES_AGGRESSIVE;
				CLANG_CXX_LANGUAGE_STANDARD = "gnu++20";
				CLANG_ENABLE_MODULES = YES;
				CLANG_ENABLE_OBJC_ARC = YES;
				CLANG_ENABLE_OBJC_WEAK = YES;
				CLANG_WARN_BLOCK_CAPTURE_AUTORELEASING = YES;
				CLANG_WARN_BOOL_CONVERSION = YES;
				CLANG_WARN_COMMA = YES;
				CLANG_WARN_CONSTANT_CONVERSION = YES;
				CLANG_WARN_DEPRECATED_OBJC_IMPLEMENTATIONS = YES;
				CLANG_WARN_DIRECT_OBJC_ISA_USAGE = YES_ERROR;
				CLANG_WARN_DOCUMENTATION_COMMENTS = YES;
				CLANG_WARN_EMPTY_BODY = YES;
				CLANG_WARN_ENUM_CONVERSION = YES;
				CLANG_WARN_INFINITE_RECURSION = YES;
				CLANG_WARN_INT_CONVERSION = YES;
				CLANG_WARN_NON_LITERAL_NULL_CONVERSION = YES;
				CLANG_WARN_OBJC_IMPLICIT_RETAIN_SELF = YES;
				CLANG_WARN_OBJC_LITERAL_CONVERSION = YES;
				CLANG_WARN_OBJC_ROOT_CLASS = YES_ERROR;
				CLANG_WARN_QUOTED_INCLUDE_IN_FRAMEWORK_HEADER = YES;
				CLANG_WARN_RANGE_LOOP_ANALYSIS = YES;
				CLANG_WARN_STRICT_PROTOTYPES = YES;
				CLANG_WARN_SUSPICIOUS_MOVE = YES;
				CLANG_WARN_UNGUARDED_AVAILABILITY = YES_AGGRESSIVE;
				CLANG_WARN_UNREACHABLE_CODE = YES;
				CLANG_WARN__DUPLICATE_METHOD_MATCH = YES;
				COPY_PHASE_STRIP = NO;
				DEBUG_INFORMATION_FORMAT = "dwarf-with-dsym";
				ENABLE_NS_ASSERTIONS = NO;
				ENABLE_STRICT_OBJC_MSGSEND = YES;
				ENABLE_USER_SCRIPT_SANDBOXING = YES;
				GCC_C_LANGUAGE_STANDARD = gnu17;
				GCC_NO_COMMON_BLOCKS = YES;
				GCC_WARN_64_TO_32_BIT_CONVERSION = YES;
				GCC_WARN_ABOUT_RETURN_TYPE = YES_ERROR;
				GCC_WARN_UNDECLARED_SELECTOR = YES;
				GCC_WARN_UNINITIALIZED_AUTOS = YES_AGGRESSIVE;
				GCC_WARN_UNUSED_FUNCTION = YES;
				GCC_WARN_UNUSED_VARIABLE = YES;
				IPHONEOS_DEPLOYMENT_TARGET = 17.5;
				LOCALIZATION_PREFERS_STRING_CATALOGS = YES;
				MTL_ENABLE_DEBUG_INFO = NO;
				MTL_FAST_MATH = YES;
				SDKROOT = iphoneos;
				SWIFT_COMPILATION_MODE = wholemodule;
				VALIDATE_PRODUCT = YES;
			};
			name = Release;
		};
		4D07DD8F2C92C64E002CDE20 /* Debug */ = {
			isa = XCBuildConfiguration;
			buildSettings = {
				ASSETCATALOG_COMPILER_APPICON_NAME = AppIcon;
				ASSETCATALOG_COMPILER_GLOBAL_ACCENT_COLOR_NAME = AccentColor;
				CODE_SIGN_STYLE = Automatic;
				CURRENT_PROJECT_VERSION = 1;
				DEVELOPMENT_ASSET_PATHS = "\"Dattebayo/Preview Content\"";
				DEVELOPMENT_TEAM = 853K3F2A4U;
				ENABLE_PREVIEWS = YES;
				GENERATE_INFOPLIST_FILE = YES;
				INFOPLIST_KEY_UIApplicationSceneManifest_Generation = YES;
				INFOPLIST_KEY_UIApplicationSupportsIndirectInputEvents = YES;
				INFOPLIST_KEY_UILaunchScreen_Generation = YES;
				INFOPLIST_KEY_UISupportedInterfaceOrientations_iPad = "UIInterfaceOrientationPortrait UIInterfaceOrientationPortraitUpsideDown UIInterfaceOrientationLandscapeLeft UIInterfaceOrientationLandscapeRight";
				INFOPLIST_KEY_UISupportedInterfaceOrientations_iPhone = "UIInterfaceOrientationPortrait UIInterfaceOrientationLandscapeLeft UIInterfaceOrientationLandscapeRight";
				LD_RUNPATH_SEARCH_PATHS = (
					"$(inherited)",
					"@executable_path/Frameworks",
				);
				MARKETING_VERSION = 1.0;
				PRODUCT_BUNDLE_IDENTIFIER = dev.shaheem.Dattebayo;
				PRODUCT_NAME = "$(TARGET_NAME)";
				SWIFT_EMIT_LOC_STRINGS = YES;
				SWIFT_VERSION = 5.0;
				TARGETED_DEVICE_FAMILY = "1,2";
			};
			name = Debug;
		};
		4D07DD902C92C64E002CDE20 /* Release */ = {
			isa = XCBuildConfiguration;
			buildSettings = {
				ASSETCATALOG_COMPILER_APPICON_NAME = AppIcon;
				ASSETCATALOG_COMPILER_GLOBAL_ACCENT_COLOR_NAME = AccentColor;
				CODE_SIGN_STYLE = Automatic;
				CURRENT_PROJECT_VERSION = 1;
				DEVELOPMENT_ASSET_PATHS = "\"Dattebayo/Preview Content\"";
				DEVELOPMENT_TEAM = 853K3F2A4U;
				ENABLE_PREVIEWS = YES;
				GENERATE_INFOPLIST_FILE = YES;
				INFOPLIST_KEY_UIApplicationSceneManifest_Generation = YES;
				INFOPLIST_KEY_UIApplicationSupportsIndirectInputEvents = YES;
				INFOPLIST_KEY_UILaunchScreen_Generation = YES;
				INFOPLIST_KEY_UISupportedInterfaceOrientations_iPad = "UIInterfaceOrientationPortrait UIInterfaceOrientationPortraitUpsideDown UIInterfaceOrientationLandscapeLeft UIInterfaceOrientationLandscapeRight";
				INFOPLIST_KEY_UISupportedInterfaceOrientations_iPhone = "UIInterfaceOrientationPortrait UIInterfaceOrientationLandscapeLeft UIInterfaceOrientationLandscapeRight";
				LD_RUNPATH_SEARCH_PATHS = (
					"$(inherited)",
					"@executable_path/Frameworks",
				);
				MARKETING_VERSION = 1.0;
				PRODUCT_BUNDLE_IDENTIFIER = dev.shaheem.Dattebayo;
				PRODUCT_NAME = "$(TARGET_NAME)";
				SWIFT_EMIT_LOC_STRINGS = YES;
				SWIFT_VERSION = 5.0;
				TARGETED_DEVICE_FAMILY = "1,2";
			};
			name = Release;
		};
		4D07DD922C92C64E002CDE20 /* Debug */ = {
			isa = XCBuildConfiguration;
			buildSettings = {
				ALWAYS_EMBED_SWIFT_STANDARD_LIBRARIES = YES;
				BUNDLE_LOADER = "$(TEST_HOST)";
				CODE_SIGN_STYLE = Automatic;
				CURRENT_PROJECT_VERSION = 1;
				DEVELOPMENT_TEAM = 853K3F2A4U;
				GENERATE_INFOPLIST_FILE = YES;
				IPHONEOS_DEPLOYMENT_TARGET = 17.5;
				MARKETING_VERSION = 1.0;
				PRODUCT_BUNDLE_IDENTIFIER = dev.shaheem.DattebayoTests;
				PRODUCT_NAME = "$(TARGET_NAME)";
				SWIFT_EMIT_LOC_STRINGS = NO;
				SWIFT_VERSION = 5.0;
				TARGETED_DEVICE_FAMILY = "1,2";
				TEST_HOST = "$(BUILT_PRODUCTS_DIR)/Dattebayo.app/$(BUNDLE_EXECUTABLE_FOLDER_PATH)/Dattebayo";
			};
			name = Debug;
		};
		4D07DD932C92C64E002CDE20 /* Release */ = {
			isa = XCBuildConfiguration;
			buildSettings = {
				ALWAYS_EMBED_SWIFT_STANDARD_LIBRARIES = YES;
				BUNDLE_LOADER = "$(TEST_HOST)";
				CODE_SIGN_STYLE = Automatic;
				CURRENT_PROJECT_VERSION = 1;
				DEVELOPMENT_TEAM = 853K3F2A4U;
				GENERATE_INFOPLIST_FILE = YES;
				IPHONEOS_DEPLOYMENT_TARGET = 17.5;
				MARKETING_VERSION = 1.0;
				PRODUCT_BUNDLE_IDENTIFIER = dev.shaheem.DattebayoTests;
				PRODUCT_NAME = "$(TARGET_NAME)";
				SWIFT_EMIT_LOC_STRINGS = NO;
				SWIFT_VERSION = 5.0;
				TARGETED_DEVICE_FAMILY = "1,2";
				TEST_HOST = "$(BUILT_PRODUCTS_DIR)/Dattebayo.app/$(BUNDLE_EXECUTABLE_FOLDER_PATH)/Dattebayo";
			};
			name = Release;
		};
		4D07DD952C92C64E002CDE20 /* Debug */ = {
			isa = XCBuildConfiguration;
			buildSettings = {
				ALWAYS_EMBED_SWIFT_STANDARD_LIBRARIES = YES;
				CODE_SIGN_STYLE = Automatic;
				CURRENT_PROJECT_VERSION = 1;
				DEVELOPMENT_TEAM = 853K3F2A4U;
				GENERATE_INFOPLIST_FILE = YES;
				MARKETING_VERSION = 1.0;
				PRODUCT_BUNDLE_IDENTIFIER = dev.shaheem.DattebayoUITests;
				PRODUCT_NAME = "$(TARGET_NAME)";
				SWIFT_EMIT_LOC_STRINGS = NO;
				SWIFT_VERSION = 5.0;
				TARGETED_DEVICE_FAMILY = "1,2";
				TEST_TARGET_NAME = Dattebayo;
			};
			name = Debug;
		};
		4D07DD962C92C64E002CDE20 /* Release */ = {
			isa = XCBuildConfiguration;
			buildSettings = {
				ALWAYS_EMBED_SWIFT_STANDARD_LIBRARIES = YES;
				CODE_SIGN_STYLE = Automatic;
				CURRENT_PROJECT_VERSION = 1;
				DEVELOPMENT_TEAM = 853K3F2A4U;
				GENERATE_INFOPLIST_FILE = YES;
				MARKETING_VERSION = 1.0;
				PRODUCT_BUNDLE_IDENTIFIER = dev.shaheem.DattebayoUITests;
				PRODUCT_NAME = "$(TARGET_NAME)";
				SWIFT_EMIT_LOC_STRINGS = NO;
				SWIFT_VERSION = 5.0;
				TARGETED_DEVICE_FAMILY = "1,2";
				TEST_TARGET_NAME = Dattebayo;
			};
			name = Release;
		};
/* End XCBuildConfiguration section */

/* Begin XCConfigurationList section */
		4D07DD652C92C64C002CDE20 /* Build configuration list for PBXProject "Dattebayo" */ = {
			isa = XCConfigurationList;
			buildConfigurations = (
				4D07DD8C2C92C64E002CDE20 /* Debug */,
				4D07DD8D2C92C64E002CDE20 /* Release */,
			);
			defaultConfigurationIsVisible = 0;
			defaultConfigurationName = Release;
		};
		4D07DD8E2C92C64E002CDE20 /* Build configuration list for PBXNativeTarget "Dattebayo" */ = {
			isa = XCConfigurationList;
			buildConfigurations = (
				4D07DD8F2C92C64E002CDE20 /* Debug */,
				4D07DD902C92C64E002CDE20 /* Release */,
			);
			defaultConfigurationIsVisible = 0;
			defaultConfigurationName = Release;
		};
		4D07DD912C92C64E002CDE20 /* Build configuration list for PBXNativeTarget "DattebayoTests" */ = {
			isa = XCConfigurationList;
			buildConfigurations = (
				4D07DD922C92C64E002CDE20 /* Debug */,
				4D07DD932C92C64E002CDE20 /* Release */,
			);
			defaultConfigurationIsVisible = 0;
			defaultConfigurationName = Release;
		};
		4D07DD942C92C64E002CDE20 /* Build configuration list for PBXNativeTarget "DattebayoUITests" */ = {
			isa = XCConfigurationList;
			buildConfigurations = (
				4D07DD952C92C64E002CDE20 /* Debug */,
				4D07DD962C92C64E002CDE20 /* Release */,
			);
			defaultConfigurationIsVisible = 0;
			defaultConfigurationName = Release;
		};
/* End XCConfigurationList section */
	};
	rootObject = 4D07DD622C92C64C002CDE20 /* Project object */;
}
